
Microsoft Visual Studio Solution File, Format Version 12.00
# Visual Studio Version 16
VisualStudioVersion = 16.0.30611.23
MinimumVisualStudioVersion = 10.0.40219.1
Project("{FAE04EC0-301F-11D3-BF4B-00C04F79EFBC}") = "ClassMetotDemo", "ClassMetotDemo\ClassMetotDemo.csproj", "{1BCCB4B3-2E72-4724-80A0-FC49CE3F37D8}"
EndProject
Global
	GlobalSection(SolutionConfigurationPlatforms) = preSolution
		Debug|Any CPU = Debug|Any CPU
		Release|Any CPU = Release|Any CPU
	EndGlobalSection
	GlobalSection(ProjectConfigurationPlatforms) = postSolution
		{1BCCB4B3-2E72-4724-80A0-FC49CE3F37D8}.Debug|Any CPU.ActiveCfg = Debug|Any CPU
		{1BCCB4B3-2E72-4724-80A0-FC49CE3F37D8}.Debug|Any CPU.Build.0 = Debug|Any CPU
		{1BCCB4B3-2E72-4724-80A0-FC49CE3F37D8}.Release|Any CPU.ActiveCfg = Release|Any CPU
		{1BCCB4B3-2E72-4724-80A0-FC49CE3F37D8}.Release|Any CPU.Build.0 = Release|Any CPU
	EndGlobalSection
	GlobalSection(SolutionProperties) = preSolution
		HideSolutionNode = FALSE
	EndGlobalSection
	GlobalSection(ExtensibilityGlobals) = postSolution
		SolutionGuid = {E81E572E-229E-41D7-B9D1-9CE4FCA2E22D}
	EndGlobalSection
EndGlobal
